
Microsoft Visual Studio Solution File, Format Version 12.00
# Visual Studio Version 16
VisualStudioVersion = 16.0.30011.22
MinimumVisualStudioVersion = 10.0.40219.1
Project("{2150E333-8FDC-42A3-9474-1A3956D46DE8}") = "0_Core", "0_Core", "{ECBE3D5D-B0F1-4892-989F-4685B37DCC99}"
EndProject
Project("{2150E333-8FDC-42A3-9474-1A3956D46DE8}") = "3_Domain", "3_Domain", "{2E552D60-BC05-4C11-93D9-DE95082D8061}"
EndProject
Project("{2150E333-8FDC-42A3-9474-1A3956D46DE8}") = "1_Application", "1_Application", "{B483FABC-02C1-4859-82EB-98EB955EBE23}"
EndProject
Project("{2150E333-8FDC-42A3-9474-1A3956D46DE8}") = "2_Infra", "2_Infra", "{5243DAB5-AC4A-41FA-8596-91642AE34E30}"
EndProject
Project("{2150E333-8FDC-42A3-9474-1A3956D46DE8}") = "Tests", "Tests", "{29B81A86-A6C8-46AF-83A2-28D663E00036}"
EndProject
Project("{9A19103F-16F7-4668-BE54-9A1E7A4F7556}") = "FastAPI.Core", "FastAPI.Core\FastAPI.Core.csproj", "{3684FFF3-D1CE-48F9-BC60-D77797DA940F}"
EndProject
Project("{9A19103F-16F7-4668-BE54-9A1E7A4F7556}") = "FastAPI.Sample", "FastAPI.Sample\FastAPI.Sample.csproj", "{B8571612-8CE7-4EC7-ABB4-52BD535F5E52}"
EndProject
Project("{9A19103F-16F7-4668-BE54-9A1E7A4F7556}") = "FastAPI.Application.Services", "FastAPI.Application.Services\FastAPI.Application.Services.csproj", "{6E00810F-C627-44EA-8077-096EA1D06A6E}"
EndProject
Project("{9A19103F-16F7-4668-BE54-9A1E7A4F7556}") = "FastAPI.Application.Models", "FastAPI.Application.Models\FastAPI.Application.Models.csproj", "{C1B6359E-5D5B-449F-A921-50CFAB1C5F9E}"
EndProject
Project("{9A19103F-16F7-4668-BE54-9A1E7A4F7556}") = "FastAPI.Application.Abstraction", "FastAPI.Application.Abstraction\FastAPI.Application.Abstraction.csproj", "{96454C98-4197-4C35-926B-EBD2E0C5A698}"
EndProject
Project("{9A19103F-16F7-4668-BE54-9A1E7A4F7556}") = "FastAPI.Infra.DataAccess", "FastAPI.Infra.DataAccess\FastAPI.Infra.DataAccess.csproj", "{9AA0BC79-5456-46E3-959F-2086874CC363}"
EndProject
Project("{9A19103F-16F7-4668-BE54-9A1E7A4F7556}") = "FastAPI.Domain.Core", "FastAPI.Domain.Core\FastAPI.Domain.Core.csproj", "{8C49AD7A-855B-414A-9BA3-00C07756E6C6}"
EndProject
Project("{9A19103F-16F7-4668-BE54-9A1E7A4F7556}") = "FastAPI.Domain.Entities", "FastAPI.Domain.Entities\FastAPI.Domain.Entities.csproj", "{5C4F2D09-DADE-4CEE-9E21-4A18814B1EE1}"
EndProject
Project("{9A19103F-16F7-4668-BE54-9A1E7A4F7556}") = "FastAPI.Domain.Abstractions", "FastAPI.Domain.Abstractions\FastAPI.Domain.Abstractions.csproj", "{8623B7CB-C367-471E-97B9-A9E7AF92ADA0}"
EndProject
Project("{2150E333-8FDC-42A3-9474-1A3956D46DE8}") = "Framework", "Framework", "{76FB5ABB-4ED3-42FB-B415-86D94D90E961}"
EndProject
Project("{2150E333-8FDC-42A3-9474-1A3956D46DE8}") = "NewFolder1", "NewFolder1", "{14C82645-33A1-483D-B271-3D419B038AB6}"
EndProject
Project("{FAE04EC0-301F-11D3-BF4B-00C04F79EFBC}") = "FastAPI.Domain.Services", "FastAPI.Domain.Service\FastAPI.Domain.Services.csproj", "{E3727C38-31A4-40EC-9828-5DE0A41DD9A9}"
EndProject
Global
	GlobalSection(SolutionConfigurationPlatforms) = preSolution
		Debug|Any CPU = Debug|Any CPU
		Release|Any CPU = Release|Any CPU
	EndGlobalSection
	GlobalSection(ProjectConfigurationPlatforms) = postSolution
		{3684FFF3-D1CE-48F9-BC60-D77797DA940F}.Debug|Any CPU.ActiveCfg = Debug|Any CPU
		{3684FFF3-D1CE-48F9-BC60-D77797DA940F}.Debug|Any CPU.Build.0 = Debug|Any CPU
		{3684FFF3-D1CE-48F9-BC60-D77797DA940F}.Release|Any CPU.ActiveCfg = Release|Any CPU
		{3684FFF3-D1CE-48F9-BC60-D77797DA940F}.Release|Any CPU.Build.0 = Release|Any CPU
		{B8571612-8CE7-4EC7-ABB4-52BD535F5E52}.Debug|Any CPU.ActiveCfg = Debug|Any CPU
		{B8571612-8CE7-4EC7-ABB4-52BD535F5E52}.Debug|Any CPU.Build.0 = Debug|Any CPU
		{B8571612-8CE7-4EC7-ABB4-52BD535F5E52}.Release|Any CPU.ActiveCfg = Release|Any CPU
		{B8571612-8CE7-4EC7-ABB4-52BD535F5E52}.Release|Any CPU.Build.0 = Release|Any CPU
		{6E00810F-C627-44EA-8077-096EA1D06A6E}.Debug|Any CPU.ActiveCfg = Debug|Any CPU
		{6E00810F-C627-44EA-8077-096EA1D06A6E}.Debug|Any CPU.Build.0 = Debug|Any CPU
		{6E00810F-C627-44EA-8077-096EA1D06A6E}.Release|Any CPU.ActiveCfg = Release|Any CPU
		{6E00810F-C627-44EA-8077-096EA1D06A6E}.Release|Any CPU.Build.0 = Release|Any CPU
		{C1B6359E-5D5B-449F-A921-50CFAB1C5F9E}.Debug|Any CPU.ActiveCfg = Debug|Any CPU
		{C1B6359E-5D5B-449F-A921-50CFAB1C5F9E}.Debug|Any CPU.Build.0 = Debug|Any CPU
		{C1B6359E-5D5B-449F-A921-50CFAB1C5F9E}.Release|Any CPU.ActiveCfg = Release|Any CPU
		{C1B6359E-5D5B-449F-A921-50CFAB1C5F9E}.Release|Any CPU.Build.0 = Release|Any CPU
		{96454C98-4197-4C35-926B-EBD2E0C5A698}.Debug|Any CPU.ActiveCfg = Debug|Any CPU
		{96454C98-4197-4C35-926B-EBD2E0C5A698}.Debug|Any CPU.Build.0 = Debug|Any CPU
		{96454C98-4197-4C35-926B-EBD2E0C5A698}.Release|Any CPU.ActiveCfg = Release|Any CPU
		{96454C98-4197-4C35-926B-EBD2E0C5A698}.Release|Any CPU.Build.0 = Release|Any CPU
		{9AA0BC79-5456-46E3-959F-2086874CC363}.Debug|Any CPU.ActiveCfg = Debug|Any CPU
		{9AA0BC79-5456-46E3-959F-2086874CC363}.Debug|Any CPU.Build.0 = Debug|Any CPU
		{9AA0BC79-5456-46E3-959F-2086874CC363}.Release|Any CPU.ActiveCfg = Release|Any CPU
		{9AA0BC79-5456-46E3-959F-2086874CC363}.Release|Any CPU.Build.0 = Release|Any CPU
		{8C49AD7A-855B-414A-9BA3-00C07756E6C6}.Debug|Any CPU.ActiveCfg = Debug|Any CPU
		{8C49AD7A-855B-414A-9BA3-00C07756E6C6}.Debug|Any CPU.Build.0 = Debug|Any CPU
		{8C49AD7A-855B-414A-9BA3-00C07756E6C6}.Release|Any CPU.ActiveCfg = Release|Any CPU
		{8C49AD7A-855B-414A-9BA3-00C07756E6C6}.Release|Any CPU.Build.0 = Release|Any CPU
		{5C4F2D09-DADE-4CEE-9E21-4A18814B1EE1}.Debug|Any CPU.ActiveCfg = Debug|Any CPU
		{5C4F2D09-DADE-4CEE-9E21-4A18814B1EE1}.Debug|Any CPU.Build.0 = Debug|Any CPU
		{5C4F2D09-DADE-4CEE-9E21-4A18814B1EE1}.Release|Any CPU.ActiveCfg = Release|Any CPU
		{5C4F2D09-DADE-4CEE-9E21-4A18814B1EE1}.Release|Any CPU.Build.0 = Release|Any CPU
		{8623B7CB-C367-471E-97B9-A9E7AF92ADA0}.Debug|Any CPU.ActiveCfg = Debug|Any CPU
		{8623B7CB-C367-471E-97B9-A9E7AF92ADA0}.Debug|Any CPU.Build.0 = Debug|Any CPU
		{8623B7CB-C367-471E-97B9-A9E7AF92ADA0}.Release|Any CPU.ActiveCfg = Release|Any CPU
		{8623B7CB-C367-471E-97B9-A9E7AF92ADA0}.Release|Any CPU.Build.0 = Release|Any CPU
		{E3727C38-31A4-40EC-9828-5DE0A41DD9A9}.Debug|Any CPU.ActiveCfg = Debug|Any CPU
		{E3727C38-31A4-40EC-9828-5DE0A41DD9A9}.Debug|Any CPU.Build.0 = Debug|Any CPU
		{E3727C38-31A4-40EC-9828-5DE0A41DD9A9}.Release|Any CPU.ActiveCfg = Release|Any CPU
		{E3727C38-31A4-40EC-9828-5DE0A41DD9A9}.Release|Any CPU.Build.0 = Release|Any CPU
	EndGlobalSection
	GlobalSection(SolutionProperties) = preSolution
		HideSolutionNode = FALSE
	EndGlobalSection
	GlobalSection(NestedProjects) = preSolution
		{ECBE3D5D-B0F1-4892-989F-4685B37DCC99} = {76FB5ABB-4ED3-42FB-B415-86D94D90E961}
		{2E552D60-BC05-4C11-93D9-DE95082D8061} = {76FB5ABB-4ED3-42FB-B415-86D94D90E961}
		{B483FABC-02C1-4859-82EB-98EB955EBE23} = {76FB5ABB-4ED3-42FB-B415-86D94D90E961}
		{5243DAB5-AC4A-41FA-8596-91642AE34E30} = {76FB5ABB-4ED3-42FB-B415-86D94D90E961}
		{29B81A86-A6C8-46AF-83A2-28D663E00036} = {76FB5ABB-4ED3-42FB-B415-86D94D90E961}
		{3684FFF3-D1CE-48F9-BC60-D77797DA940F} = {ECBE3D5D-B0F1-4892-989F-4685B37DCC99}
		{B8571612-8CE7-4EC7-ABB4-52BD535F5E52} = {76FB5ABB-4ED3-42FB-B415-86D94D90E961}
		{6E00810F-C627-44EA-8077-096EA1D06A6E} = {B483FABC-02C1-4859-82EB-98EB955EBE23}
		{C1B6359E-5D5B-449F-A921-50CFAB1C5F9E} = {B483FABC-02C1-4859-82EB-98EB955EBE23}
		{96454C98-4197-4C35-926B-EBD2E0C5A698} = {B483FABC-02C1-4859-82EB-98EB955EBE23}
		{9AA0BC79-5456-46E3-959F-2086874CC363} = {5243DAB5-AC4A-41FA-8596-91642AE34E30}
		{8C49AD7A-855B-414A-9BA3-00C07756E6C6} = {2E552D60-BC05-4C11-93D9-DE95082D8061}
		{5C4F2D09-DADE-4CEE-9E21-4A18814B1EE1} = {2E552D60-BC05-4C11-93D9-DE95082D8061}
		{8623B7CB-C367-471E-97B9-A9E7AF92ADA0} = {2E552D60-BC05-4C11-93D9-DE95082D8061}
		{14C82645-33A1-483D-B271-3D419B038AB6} = {2E552D60-BC05-4C11-93D9-DE95082D8061}
		{E3727C38-31A4-40EC-9828-5DE0A41DD9A9} = {2E552D60-BC05-4C11-93D9-DE95082D8061}
	EndGlobalSection
	GlobalSection(ExtensibilityGlobals) = postSolution
		SolutionGuid = {337B5091-4F7B-4740-AF74-D1869807B98B}
	EndGlobalSection
EndGlobal
